
Microsoft Visual Studio Solution File, Format Version 11.00
# Visual Studio 2010
Project("{FAE04EC0-301F-11D3-BF4B-00C04F79EFBC}") = "Assembly-CSharp", "Assembly-CSharp.csproj", "{3cd18b63-2a72-e0d6-67b0-02322c7a2dd0}"
EndProject
Project("{FAE04EC0-301F-11D3-BF4B-00C04F79EFBC}") = "Assembly-CSharp-firstpass", "Assembly-CSharp-firstpass.csproj", "{948bf62f-334a-8135-f233-f1371f99f2e8}"
EndProject
Global
	GlobalSection(SolutionConfigurationPlatforms) = preSolution
		Debug|Any CPU = Debug|Any CPU
	EndGlobalSection
	GlobalSection(ProjectConfigurationPlatforms) = postSolution
		{3cd18b63-2a72-e0d6-67b0-02322c7a2dd0}.Debug|Any CPU.ActiveCfg = Debug|Any CPU
		{3cd18b63-2a72-e0d6-67b0-02322c7a2dd0}.Debug|Any CPU.Build.0 = Debug|Any CPU
		{948bf62f-334a-8135-f233-f1371f99f2e8}.Debug|Any CPU.ActiveCfg = Debug|Any CPU
		{948bf62f-334a-8135-f233-f1371f99f2e8}.Debug|Any CPU.Build.0 = Debug|Any CPU
	EndGlobalSection
	GlobalSection(SolutionProperties) = preSolution
		HideSolutionNode = FALSE
	EndGlobalSection
EndGlobal
